# This file is autogenerated, do not edit; changes may be undone by the next 'dep ensure'.


[[projects]]
  digest = "1:ac2a05be7167c495fe8aaf8aaf62ecf81e78d2180ecb04e16778dc6c185c96a5"
  name = "github.com/beorn7/perks"
  packages = ["quantile"]
  pruneopts = ""
  revision = "37c8de3658fcb183f997c4e13e8337516ab753e6"
  version = "v1.0.1"

[[projects]]
  digest = "1:0deddd908b6b4b768cfc272c16ee61e7088a60f7fe2f06c547bd3d8e1f8b8e77"
  name = "github.com/davecgh/go-spew"
  packages = ["spew"]
  pruneopts = ""
  revision = "8991bc29aa16c548c550c7ff78260e27b9ab7c73"
  version = "v1.1.1"

[[projects]]
  branch = "master"
  digest = "1:c28a369c8fec7124b081d49b9097ac3349e0bf73555f05a8b384632b5278c80c"
  name = "github.com/desertbit/timer"
  packages = ["."]
  pruneopts = ""
  revision = "c41aec40b27f0eeb2b94300fffcd624c69b02990"

[[projects]]
  digest = "1:6532affeeaaccdc6919d5773516176b77de02b4af8cf9a7fac16bae77aa319c5"
  name = "github.com/golang/protobuf"
  packages = [
    "internal/gengogrpc",
    "jsonpb",
    "proto",
    "protoc-gen-go",
    "ptypes",
    "ptypes/any",
    "ptypes/duration",
    "ptypes/empty",
    "ptypes/timestamp",
  ]
  pruneopts = ""
  revision = "4846b58453b3708320bdb524f25cc5a1d9cda4d4"
  version = "v1.4.3"

[[projects]]
  digest = "1:e6aecde1831b7733aeef7d61722da0a47a4084ea4c666ea9b8b83563f066b874"
  name = "github.com/grpc-ecosystem/go-grpc-middleware"
  packages = [
    ".",
    "logging",
    "logging/logrus",
    "logging/logrus/ctxlogrus",
    "tags",
  ]
  pruneopts = ""
  revision = "46f2eb369b917e60df91057c4d37847d17e5a9a4"
  version = "v1.2.2"

[[projects]]
  digest = "1:e24dc5ef44694848785de507f439a24e9e6d96d7b43b8cf3d6cfa857aa1e2186"
  name = "github.com/grpc-ecosystem/go-grpc-prometheus"
  packages = ["."]
  pruneopts = ""
  revision = "c225b8c3b01faf2899099b768856a9e916e5087b"
  version = "v1.2.0"

[[projects]]
  digest = "1:ef0f9731bc6c3c59396adc50f36da36ca98c704812c449794f9326f7bc64b5f1"
  name = "github.com/jpillora/backoff"
  packages = ["."]
  pruneopts = ""
  revision = "8eab2debe79d12b7bd3d10653910df25fa9552ba"
  version = "1.0.0"

[[projects]]
  digest = "1:3c4226220f444f10df4f73fa383be7f07b30c1a4bb30266b31d29f9a0fa9e108"
  name = "github.com/klauspost/compress"
  packages = ["flate"]
  pruneopts = ""
  revision = "85d8ebff245ce04f07ea619ca9c73be887313eae"
  version = "v1.11.7"

[[projects]]
  digest = "1:63722a4b1e1717be7b98fc686e0b30d5e7f734b9e93d7dee86293b6deab7ea28"
  name = "github.com/matttproud/golang_protobuf_extensions"
  packages = ["pbutil"]
  pruneopts = ""
  revision = "c12348ce28de40eed0136aa2b644d0ee0650e56c"
  version = "v1.0.1"

[[projects]]
  branch = "master"
  digest = "1:1cdf7e18a6476b8951b7845ed06193d017064e0dee7dd6382176929d833dee13"
  name = "github.com/mwitkow/go-conntrack"
  packages = [
    ".",
    "connhelpers",
  ]
  pruneopts = ""
  revision = "2f068394615f73e460c2f3d2c158b0ad9321cadb"

[[projects]]
  branch = "master"
  digest = "1:ddd2a3fe8c4dd178ba026bccfc146aba366b55c2db113ddf7d0fd90278dfeeb7"
  name = "github.com/mwitkow/grpc-proxy"
  packages = ["proxy"]
  pruneopts = ""
  revision = "0f1106ef9c766333b9acb4b81e705da4bade7215"

[[projects]]
  digest = "1:256484dbbcd271f9ecebc6795b2df8cad4c458dd0f5fd82a8c2fa0c29f233411"
  name = "github.com/pmezard/go-difflib"
  packages = ["difflib"]
  pruneopts = ""
  revision = "792786c7400a136282c1664665ae0a8db921c6c2"
  version = "v1.0.0"

[[projects]]
  digest = "1:4142d94383572e74b42352273652c62afec5b23f325222ed09198f46009022d1"
  name = "github.com/prometheus/client_golang"
  packages = [
    "prometheus",
    "prometheus/promhttp",
  ]
  pruneopts = ""
  revision = "c5b7fccd204277076155f10851dad72b76a49317"
  version = "v0.8.0"

[[projects]]
  digest = "1:ade2df4d865299d2b042955eb4fdd9d60698b26cf3da10f1138a9bfefe9cd2c6"
  name = "github.com/prometheus/client_model"
  packages = ["go"]
  pruneopts = ""
  revision = "7bc5445566f0fe75b15de23e6b93886e982d7bf9"
  version = "v0.2.0"

[[projects]]
  digest = "1:7c55e3458cd4712634ca29163fd9bc7962a3dc9c361f58aa024cf422ce4a44dd"
  name = "github.com/prometheus/common"
  packages = [
    "expfmt",
    "internal/bitbucket.org/ww/goautoneg",
    "model",
  ]
  pruneopts = ""
  revision = "20c99e7aa07352b599bd0517cd5ca945f4af0407"
  version = "v0.15.0"

[[projects]]
  digest = "1:20d51364c4168b5f89f83cd37f57798cbfe636b96e7302b89d42d1dc7ebc6274"
  name = "github.com/prometheus/procfs"
  packages = [
    ".",
    "internal/fs",
    "internal/util",
  ]
  pruneopts = ""
  revision = "d3334bf511d8b1570144f488cc14d08b539df979"
  version = "v0.3.0"

[[projects]]
  digest = "1:1b2b34c281548413e60ec8a0efb951e75820bc6d1ee25f6d3c83fde0add004c3"
  name = "github.com/rs/cors"
  packages = ["."]
  pruneopts = ""
  revision = "db0fe48135e83b5812a5a31be0eea66984b1b521"
  version = "v1.7.0"

[[projects]]
  digest = "1:2f8f9b60ebe029a83f92a7549926145eb6014c01d256946058a5a8768efd4522"
  name = "github.com/sirupsen/logrus"
  packages = ["."]
  pruneopts = ""
  revision = "6699a89a232f3db797f2e280639854bbc4b89725"
  version = "v1.7.0"

[[projects]]
  digest = "1:688428eeb1ca80d92599eb3254bdf91b51d7e232fead3a73844c1f201a281e51"
  name = "github.com/spf13/pflag"
  packages = ["."]
  pruneopts = ""
  revision = "2e9d26c8c37aae03e3f9d4e90b7116f5accb7cab"
  version = "v1.0.5"

[[projects]]
  digest = "1:81a176cfb198bb3479a124befc52339e53bcd30d33379e81ba90a2245fc26675"
  name = "github.com/stretchr/testify"
  packages = [
    "assert",
    "require",
    "suite",
  ]
  pruneopts = ""
  revision = "acba37e5db06f0093b465a7d47822bf13644b66c"
  version = "v1.7.0"

[[projects]]
  branch = "master"
  digest = "1:d2edc411d5aefd62c4e5167e9353bf4a0c61c6d8cf7f790bab77b4096b43f503"
  name = "golang.org/x/net"
  packages = [
    "context",
    "http/httpguts",
    "http2",
    "http2/hpack",
    "idna",
    "internal/timeseries",
    "trace",
  ]
  pruneopts = ""
  revision = "5f4716e94777e714bc2fb3e3a44599cb40817aac"

[[projects]]
  branch = "master"
  digest = "1:d111543d66a01a640ba6239468876f28fa33db5710b34f1a31d18b160d699022"
  name = "golang.org/x/sys"
  packages = [
    "internal/unsafeheader",
    "unix",
    "windows",
  ]
  pruneopts = ""
  revision = "22da62e12c0cd9c1da93581e1113ca4d82a5be14"

[[projects]]
  digest = "1:4101e2977ebdbb93018565cd1c03db0151143b303a7f7a171592d3160f1498b2"
  name = "golang.org/x/text"
  packages = [
    "collate",
    "collate/build",
    "internal/colltab",
    "internal/gen",
    "internal/language",
    "internal/language/compact",
    "internal/tag",
    "internal/triegen",
    "internal/ucd",
    "language",
    "secure/bidirule",
    "transform",
    "unicode/bidi",
    "unicode/cldr",
    "unicode/norm",
    "unicode/rangetable",
  ]
  pruneopts = ""
  revision = "75a595aef632b07c6eeaaa805adb6f0f66e4130e"
  version = "v0.3.5"

[[projects]]
  branch = "master"
  digest = "1:54388a985b1af5943025c4d17a4b73f0481d982b477e0b54892e8273f32086a3"
  name = "google.golang.org/genproto"
  packages = ["googleapis/rpc/status"]
  pruneopts = ""
  revision = "44e461bb6506e1f454f092a809a64f303b6c8e33"

[[projects]]
  digest = "1:9dbe66e5227cd9d3d9fee0931311704782d38a2e4a284d153e7422d7e7db8c73"
  name = "google.golang.org/grpc"
  packages = [
    ".",
    "attributes",
    "backoff",
    "balancer",
    "balancer/base",
    "balancer/grpclb/state",
    "balancer/roundrobin",
    "binarylog/grpc_binarylog_v1",
    "codes",
    "connectivity",
    "credentials",
    "encoding",
    "encoding/proto",
    "grpclog",
    "internal",
    "internal/backoff",
    "internal/balancerload",
    "internal/binarylog",
    "internal/buffer",
    "internal/channelz",
    "internal/credentials",
    "internal/envconfig",
    "internal/grpclog",
    "internal/grpcrand",
    "internal/grpcsync",
    "internal/grpcutil",
    "internal/resolver/dns",
    "internal/resolver/passthrough",
    "internal/serviceconfig",
    "internal/status",
    "internal/syscall",
    "internal/transport",
    "keepalive",
    "metadata",
    "peer",
    "resolver",
    "serviceconfig",
    "stats",
    "status",
    "tap",
  ]
  pruneopts = ""
  revision = "5e8f83304c0563d1ba74db05fee83d9c18ab9a58"
  version = "v1.32.0"

[[projects]]
  digest = "1:0d049ff01749ce1d6092c85cb90a02dfdb3b401939b13415b7e608f36bc8ecee"
  name = "google.golang.org/protobuf"
  packages = [
    "cmd/protoc-gen-go/internal_gengo",
    "compiler/protogen",
    "encoding/protojson",
    "encoding/prototext",
    "encoding/protowire",
    "internal/descfmt",
    "internal/descopts",
    "internal/detrand",
    "internal/encoding/defval",
    "internal/encoding/json",
    "internal/encoding/messageset",
    "internal/encoding/tag",
    "internal/encoding/text",
    "internal/errors",
    "internal/fieldsort",
    "internal/filedesc",
    "internal/filetype",
    "internal/flags",
    "internal/genid",
    "internal/impl",
    "internal/mapsort",
    "internal/pragma",
    "internal/set",
    "internal/strs",
    "internal/version",
    "proto",
    "reflect/protodesc",
    "reflect/protoreflect",
    "reflect/protoregistry",
    "runtime/protoiface",
    "runtime/protoimpl",
    "types/descriptorpb",
    "types/known/anypb",
    "types/known/durationpb",
    "types/known/emptypb",
    "types/known/timestamppb",
    "types/pluginpb",
  ]
  pruneopts = ""
  revision = "3f7a61f89bb6813f89d981d1870ed68da0b3c3f1"
  version = "v1.25.0"

[[projects]]
  branch = "v3"
  digest = "1:3f081584f03a869274b31afe33c22ce278c53767cb58963916746109e1d50535"
  name = "gopkg.in/yaml.v3"
  packages = ["."]
  pruneopts = ""
  revision = "496545a6307b2a7d7a710fd516e5e16e8ab62dbc"

[[projects]]
  digest = "1:fe18a04a5fae08be6a3c0090d92f24c110f50eb0229c1da5303e270dbb7c5155"
  name = "nhooyr.io/websocket"
  packages = [
    ".",
    "internal/bpool",
    "internal/errd",
    "internal/wsjs",
    "internal/xsync",
  ]
  pruneopts = ""
  revision = "02861b474d9c29660eff53a3c424d589aaf46d1e"
  version = "v1.8.6"

[solve-meta]
  analyzer-name = "dep"
  analyzer-version = 1
  input-imports = [
    "github.com/desertbit/timer",
    "github.com/golang/protobuf/proto",
    "github.com/golang/protobuf/protoc-gen-go",
    "github.com/golang/protobuf/ptypes/empty",
    "github.com/grpc-ecosystem/go-grpc-middleware",
    "github.com/grpc-ecosystem/go-grpc-middleware/logging/logrus",
    "github.com/grpc-ecosystem/go-grpc-prometheus",
    "github.com/mwitkow/go-conntrack",
    "github.com/mwitkow/go-conntrack/connhelpers",
    "github.com/mwitkow/grpc-proxy/proxy",
    "github.com/prometheus/client_golang/prometheus/promhttp",
    "github.com/rs/cors",
    "github.com/sirupsen/logrus",
    "github.com/spf13/pflag",
    "github.com/stretchr/testify/assert",
    "github.com/stretchr/testify/require",
    "github.com/stretchr/testify/suite",
    "golang.org/x/net/context",
    "golang.org/x/net/http2",
    "golang.org/x/net/trace",
    "google.golang.org/grpc",
    "google.golang.org/grpc/codes",
    "google.golang.org/grpc/credentials",
    "google.golang.org/grpc/grpclog",
    "google.golang.org/grpc/metadata",
    "google.golang.org/grpc/status",
    "nhooyr.io/websocket",
  ]
  solver-name = "gps-cdcl"
  solver-version = 1
