{
  "name": "grpc-web-node-http-transport",
  "version": "0.0.1",
  "lockfileVersion": 1,
  "requires": true,
  "dependencies": {
    "@types/node": {
      "version": "10.12.0",
      "resolved": "https://registry.npmjs.org/@types/node/-/node-10.12.0.tgz",
      "integrity": "sha512-3TUHC3jsBAB7qVRGxT6lWyYo2v96BMmD2PTcl47H25Lu7UXtFH/2qqmKiVrnel6Ne//0TFYf6uvNX+HW2FRkLQ==",
      "dev": true
    },
    "typescript": {
      "version": "3.1.3",
      "resolved": "https://registry.npmjs.org/typescript/-/typescript-3.1.3.tgz",
      "integrity": "sha512-+81MUSyX+BaSo+u2RbozuQk/UWx6hfG0a5gHu4ANEM4sU96XbuIyAB+rWBW1u70c6a5QuZfuYICn3s2UjuHUpA==",
      "dev": true
    }
  }
}
