{
  "name": "grpc-web-node-http-transport",
  "version": "0.0.1",
  "lockfileVersion": 1,
  "requires": true,
  "dependencies": {
    "@types/node": {
      "version": "10.12.0",
      "resolved": "https://registry.npmjs.org/@types/node/-/node-10.12.0.tgz",
      "integrity": "sha512-3TUHC3jsBAB7qVRGxT6lWyYo2v96BMmD2PTcl47H25Lu7UXtFH/2qqmKiVrnel6Ne//0TFYf6uvNX+HW2FRkLQ==",
      "dev": true
    },
    "browser-headers": {
      "version": "0.4.0",
      "resolved": "https://registry.npmjs.org/browser-headers/-/browser-headers-0.4.0.tgz",
      "integrity": "sha1-e2tNPMDOzJ3fUDdoFHkyEFxCFzQ="
    },
    "grpc-web-client": {
      "version": "0.7.0",
      "resolved": "https://registry.npmjs.org/grpc-web-client/-/grpc-web-client-0.7.0.tgz",
      "integrity": "sha512-tydslNg6pPHi61aMs0HoaETTtyDR5TQyDZ0AQhbbURpOK2NW8IMrUGs/i1UMkS0H64Vj7PuggSAhDohP41yubQ==",
      "requires": {
        "browser-headers": "^0.4.0"
      }
    },
    "typescript": {
      "version": "3.1.3",
      "resolved": "https://registry.npmjs.org/typescript/-/typescript-3.1.3.tgz",
      "integrity": "sha512-+81MUSyX+BaSo+u2RbozuQk/UWx6hfG0a5gHu4ANEM4sU96XbuIyAB+rWBW1u70c6a5QuZfuYICn3s2UjuHUpA==",
      "dev": true
    }
  }
}
