{
  "name": "@improbable-eng/grpc-web-core",
  "version": "0.11.0",
  "lockfileVersion": 1,
  "requires": true,
  "dependencies": {
    "@types/google-protobuf": {
      "version": "3.7.1",
      "resolved": "https://registry.npmjs.org/@types/google-protobuf/-/google-protobuf-3.7.1.tgz",
      "integrity": "sha512-kiLxbqoi2C7NmkGj1ZpkSDyIqj4vqDEIjx7wX+O0GXV6bLX6u/oLz49CwefD0c0vzaKeBdOqmUtI8bC0bBRr0w==",
      "dev": true
    },
    "browser-headers": {
      "version": "0.4.1",
      "resolved": "https://registry.npmjs.org/browser-headers/-/browser-headers-0.4.1.tgz",
      "integrity": "sha512-CA9hsySZVo9371qEHjHZtYxV2cFtVj5Wj/ZHi8ooEsrtm4vOnl9Y9HmyYWk9q+05d7K3rdoAE0j3MVEFVvtQtg=="
    },
    "google-protobuf": {
      "version": "3.9.1",
      "resolved": "https://registry.npmjs.org/google-protobuf/-/google-protobuf-3.9.1.tgz",
      "integrity": "sha512-tkz7SVwBktFbqFK3teXFUY/VM57+mbUgV9bSD+sZH1ocHJ7uk7BfEWMRdU24dd0ciUDokreA7ghH2fYFIczQdw==",
      "dev": true
    },
    "typescript": {
      "version": "3.6.2",
      "resolved": "https://registry.npmjs.org/typescript/-/typescript-3.6.2.tgz",
      "integrity": "sha512-lmQ4L+J6mnu3xweP8+rOrUwzmN+MRAj7TgtJtDaXE5PMyX2kCrklhg3rvOsOIfNeAWMQWO2F1GPc1kMD2vLAfw==",
      "dev": true
    }
  }
}
